{
    "_readme": [
        "This file locks the dependencies of your project to a known state",
        "Read more about it at https://getcomposer.org/doc/01-basic-usage.md#installing-dependencies",
        "This file is @generated automatically"
    ],
    "content-hash": "c612b72428929cc1283a7a1af99d6ca3",
    "packages": [
        {
            "name": "claviska/simpleimage",
            "version": "3.3.4",
            "source": {
                "type": "git",
                "url": "https://github.com/claviska/SimpleImage.git",
                "reference": "3786d80af8e6d05e5e42f0350e5e5da5b92041a0"
            },
            "dist": {
                "type": "zip",
                "url": "https://api.github.com/repos/claviska/SimpleImage/zipball/3786d80af8e6d05e5e42f0350e5e5da5b92041a0",
                "reference": "3786d80af8e6d05e5e42f0350e5e5da5b92041a0",
                "shasum": ""
            },
            "require": {
                "ext-gd": "*",
                "league/color-extractor": "0.3.*",
                "php": ">=5.6.0"
            },
            "type": "library",
            "autoload": {
                "psr-0": {
                    "claviska": "src/"
                }
            },
            "notification-url": "https://packagist.org/downloads/",
            "license": [
                "MIT"
            ],
            "authors": [
                {
                    "name": "Cory LaViska",
                    "homepage": "http://www.abeautifulsite.net/",
                    "role": "Developer"
                }
            ],
            "description": "A PHP class that makes working with images as simple as possible.",
            "time": "2019-09-26T01:22:02+00:00"
        },
        {
            "name": "filp/whoops",
            "version": "2.7.2",
            "source": {
                "type": "git",
                "url": "https://github.com/filp/whoops.git",
                "reference": "17d0d3f266c8f925ebd035cd36f83cf802b47d4a"
            },
            "dist": {
                "type": "zip",
                "url": "https://api.github.com/repos/filp/whoops/zipball/17d0d3f266c8f925ebd035cd36f83cf802b47d4a",
                "reference": "17d0d3f266c8f925ebd035cd36f83cf802b47d4a",
                "shasum": ""
            },
            "require": {
                "php": "^5.5.9 || ^7.0",
                "psr/log": "^1.0.1"
            },
            "require-dev": {
                "mockery/mockery": "^0.9 || ^1.0",
                "phpunit/phpunit": "^4.8.35 || ^5.7 || ^6.0",
                "symfony/var-dumper": "^2.6 || ^3.0 || ^4.0 || ^5.0"
            },
            "suggest": {
                "symfony/var-dumper": "Pretty print complex values better with var-dumper available",
                "whoops/soap": "Formats errors as SOAP responses"
            },
            "type": "library",
            "extra": {
                "branch-alias": {
                    "dev-master": "2.6-dev"
                }
            },
            "autoload": {
                "psr-4": {
                    "Whoops\\": "src/Whoops/"
                }
            },
            "notification-url": "https://packagist.org/downloads/",
            "license": [
                "MIT"
            ],
            "authors": [
                {
                    "name": "Filipe Dobreira",
                    "homepage": "https://github.com/filp",
                    "role": "Developer"
                }
            ],
            "description": "php error handling for cool kids",
            "homepage": "https://filp.github.io/whoops/",
            "keywords": [
                "error",
                "exception",
                "handling",
                "library",
                "throwable",
                "whoops"
            ],
            "time": "2020-05-05T12:28:07+00:00"
        },
        {
            "name": "getkirby/composer-installer",
            "version": "1.2.0",
            "source": {
                "type": "git",
                "url": "https://github.com/getkirby/composer-installer.git",
                "reference": "240a8b2c275d61b66601feb58222b7d34bc6cf1e"
            },
            "dist": {
                "type": "zip",
                "url": "https://api.github.com/repos/getkirby/composer-installer/zipball/240a8b2c275d61b66601feb58222b7d34bc6cf1e",
                "reference": "240a8b2c275d61b66601feb58222b7d34bc6cf1e",
                "shasum": ""
            },
            "require": {
                "composer-plugin-api": "^1.0 || ^2.0"
            },
            "require-dev": {
                "composer/composer": "^1.8 || 2.0.*@dev",
                "phpunit/phpunit": "^7.0"
            },
            "type": "composer-plugin",
            "extra": {
                "class": "Kirby\\ComposerInstaller\\Plugin"
            },
            "autoload": {
                "psr-4": {
                    "Kirby\\": "src/"
                }
            },
            "notification-url": "https://packagist.org/downloads/",
            "license": [
                "MIT"
            ],
            "description": "Kirby's custom Composer installer for the Kirby CMS and for Kirby plugins",
            "homepage": "https://getkirby.com",
            "time": "2020-09-13T14:43:34+00:00"
        },
        {
            "name": "laminas/laminas-escaper",
            "version": "2.6.1",
            "source": {
                "type": "git",
                "url": "https://github.com/laminas/laminas-escaper.git",
                "reference": "25f2a053eadfa92ddacb609dcbbc39362610da70"
            },
            "dist": {
                "type": "zip",
                "url": "https://api.github.com/repos/laminas/laminas-escaper/zipball/25f2a053eadfa92ddacb609dcbbc39362610da70",
                "reference": "25f2a053eadfa92ddacb609dcbbc39362610da70",
                "shasum": ""
            },
            "require": {
                "laminas/laminas-zendframework-bridge": "^1.0",
                "php": "^5.6 || ^7.0"
            },
            "replace": {
                "zendframework/zend-escaper": "self.version"
            },
            "require-dev": {
                "laminas/laminas-coding-standard": "~1.0.0",
                "phpunit/phpunit": "^5.7.27 || ^6.5.8 || ^7.1.2"
            },
            "type": "library",
            "extra": {
                "branch-alias": {
                    "dev-master": "2.6.x-dev",
                    "dev-develop": "2.7.x-dev"
                }
            },
            "autoload": {
                "psr-4": {
                    "Laminas\\Escaper\\": "src/"
                }
            },
            "notification-url": "https://packagist.org/downloads/",
            "license": [
                "BSD-3-Clause"
            ],
            "description": "Securely and safely escape HTML, HTML attributes, JavaScript, CSS, and URLs",
            "homepage": "https://laminas.dev",
            "keywords": [
                "escaper",
                "laminas"
            ],
            "time": "2019-12-31T16:43:30+00:00"
        },
        {
            "name": "laminas/laminas-zendframework-bridge",
            "version": "1.1.1",
            "source": {
                "type": "git",
                "url": "https://github.com/laminas/laminas-zendframework-bridge.git",
                "reference": "6ede70583e101030bcace4dcddd648f760ddf642"
            },
            "dist": {
                "type": "zip",
                "url": "https://api.github.com/repos/laminas/laminas-zendframework-bridge/zipball/6ede70583e101030bcace4dcddd648f760ddf642",
                "reference": "6ede70583e101030bcace4dcddd648f760ddf642",
                "shasum": ""
            },
            "require": {
                "php": "^5.6 || ^7.0 || ^8.0"
            },
            "require-dev": {
                "phpunit/phpunit": "^5.7 || ^6.5 || ^7.5 || ^8.1 || ^9.3",
                "squizlabs/php_codesniffer": "^3.5"
            },
            "type": "library",
            "extra": {
                "laminas": {
                    "module": "Laminas\\ZendFrameworkBridge"
                }
            },
            "autoload": {
                "files": [
                    "src/autoload.php"
                ],
                "psr-4": {
                    "Laminas\\ZendFrameworkBridge\\": "src//"
                }
            },
            "notification-url": "https://packagist.org/downloads/",
            "license": [
                "BSD-3-Clause"
            ],
            "description": "Alias legacy ZF class names to Laminas Project equivalents.",
            "keywords": [
                "ZendFramework",
                "autoloading",
                "laminas",
                "zf"
            ],
            "time": "2020-09-14T14:23:00+00:00"
        },
        {
            "name": "league/color-extractor",
            "version": "0.3.2",
            "source": {
                "type": "git",
                "url": "https://github.com/thephpleague/color-extractor.git",
                "reference": "837086ec60f50c84c611c613963e4ad2e2aec806"
            },
            "dist": {
                "type": "zip",
                "url": "https://api.github.com/repos/thephpleague/color-extractor/zipball/837086ec60f50c84c611c613963e4ad2e2aec806",
                "reference": "837086ec60f50c84c611c613963e4ad2e2aec806",
                "shasum": ""
            },
            "require": {
                "ext-gd": "*",
                "php": ">=5.4.0"
            },
            "replace": {
                "matthecat/colorextractor": "*"
            },
            "require-dev": {
                "friendsofphp/php-cs-fixer": "~2",
                "phpunit/phpunit": "~5"
            },
            "type": "library",
            "autoload": {
                "psr-4": {
                    "": "src"
                }
            },
            "notification-url": "https://packagist.org/downloads/",
            "license": [
                "MIT"
            ],
            "authors": [
                {
                    "name": "Mathieu Lechat",
                    "email": "math.lechat@gmail.com",
                    "homepage": "http://matthecat.com",
                    "role": "Developer"
                }
            ],
            "description": "Extract colors from an image as a human would do.",
            "homepage": "https://github.com/thephpleague/color-extractor",
            "keywords": [
                "color",
                "extract",
                "human",
                "image",
                "palette"
            ],
            "time": "2016-12-15T09:30:02+00:00"
        },
        {
            "name": "michelf/php-smartypants",
            "version": "1.8.1",
            "source": {
                "type": "git",
                "url": "https://github.com/michelf/php-smartypants.git",
                "reference": "47d17c90a4dfd0ccf1f87e25c65e6c8012415aad"
            },
            "dist": {
                "type": "zip",
                "url": "https://api.github.com/repos/michelf/php-smartypants/zipball/47d17c90a4dfd0ccf1f87e25c65e6c8012415aad",
                "reference": "47d17c90a4dfd0ccf1f87e25c65e6c8012415aad",
                "shasum": ""
            },
            "require": {
                "php": ">=5.3.0"
            },
            "type": "library",
            "autoload": {
                "psr-0": {
                    "Michelf": ""
                }
            },
            "notification-url": "https://packagist.org/downloads/",
            "license": [
                "BSD-3-Clause"
            ],
            "authors": [
                {
                    "name": "Michel Fortin",
                    "email": "michel.fortin@michelf.ca",
                    "homepage": "https://michelf.ca/",
                    "role": "Developer"
                },
                {
                    "name": "John Gruber",
                    "homepage": "https://daringfireball.net/"
                }
            ],
            "description": "PHP SmartyPants",
            "homepage": "https://michelf.ca/projects/php-smartypants/",
            "keywords": [
                "dashes",
                "quotes",
                "spaces",
                "typographer",
                "typography"
            ],
            "time": "2016-12-13T01:01:17+00:00"
        },
        {
            "name": "mustangostang/spyc",
            "version": "0.6.3",
            "source": {
                "type": "git",
                "url": "git@github.com:mustangostang/spyc.git",
                "reference": "4627c838b16550b666d15aeae1e5289dd5b77da0"
            },
            "dist": {
                "type": "zip",
                "url": "https://api.github.com/repos/mustangostang/spyc/zipball/4627c838b16550b666d15aeae1e5289dd5b77da0",
                "reference": "4627c838b16550b666d15aeae1e5289dd5b77da0",
                "shasum": ""
            },
            "require": {
                "php": ">=5.3.1"
            },
            "require-dev": {
                "phpunit/phpunit": "4.3.*@dev"
            },
            "type": "library",
            "extra": {
                "branch-alias": {
                    "dev-master": "0.5.x-dev"
                }
            },
            "autoload": {
                "files": [
                    "Spyc.php"
                ]
            },
            "notification-url": "https://packagist.org/downloads/",
            "license": [
                "MIT"
            ],
            "authors": [
                {
                    "name": "mustangostang",
                    "email": "vlad.andersen@gmail.com"
                }
            ],
            "description": "A simple YAML loader/dumper class for PHP",
            "homepage": "https://github.com/mustangostang/spyc/",
            "keywords": [
                "spyc",
                "yaml",
                "yml"
            ],
            "time": "2019-09-10T13:16:29+00:00"
        },
        {
            "name": "nesbot/carbon",
            "version": "2.40.1",
            "source": {
                "type": "git",
                "url": "https://github.com/briannesbitt/Carbon.git",
                "reference": "d9a76d8b7eb0f97cf3a82529393245212f40ba3b"
            },
            "dist": {
                "type": "zip",
                "url": "https://api.github.com/repos/briannesbitt/Carbon/zipball/d9a76d8b7eb0f97cf3a82529393245212f40ba3b",
                "reference": "d9a76d8b7eb0f97cf3a82529393245212f40ba3b",
                "shasum": ""
            },
            "require": {
                "ext-json": "*",
                "php": "^7.1.8 || ^8.0",
                "symfony/polyfill-mbstring": "^1.0",
                "symfony/translation": "^3.4 || ^4.0 || ^5.0"
            },
            "require-dev": {
                "doctrine/orm": "^2.7",
                "friendsofphp/php-cs-fixer": "^2.14 || ^3.0",
                "kylekatarnls/multi-tester": "^2.0",
                "phpmd/phpmd": "^2.9",
                "phpstan/extension-installer": "^1.0",
                "phpstan/phpstan": "^0.12.35",
                "phpunit/phpunit": "^7.5 || ^8.0",
                "squizlabs/php_codesniffer": "^3.4"
            },
            "bin": [
                "bin/carbon"
            ],
            "type": "library",
            "extra": {
                "branch-alias": {
                    "dev-master": "2.x-dev",
                    "dev-3.x": "3.x-dev"
                },
                "laravel": {
                    "providers": [
                        "Carbon\\Laravel\\ServiceProvider"
                    ]
                },
                "phpstan": {
                    "includes": [
                        "extension.neon"
                    ]
                }
            },
            "autoload": {
                "psr-4": {
                    "Carbon\\": "src/Carbon/"
                }
            },
            "notification-url": "https://packagist.org/downloads/",
            "license": [
                "MIT"
            ],
            "authors": [
                {
                    "name": "Brian Nesbitt",
                    "email": "brian@nesbot.com",
                    "homepage": "http://nesbot.com"
                },
                {
                    "name": "kylekatarnls",
                    "homepage": "http://github.com/kylekatarnls"
                }
            ],
            "description": "An API extension for DateTime that supports 281 different languages.",
            "homepage": "http://carbon.nesbot.com",
            "keywords": [
                "date",
                "datetime",
                "time"
            ],
            "time": "2020-09-23T08:17:37+00:00"
        },
        {
            "name": "phpmailer/phpmailer",
            "version": "v6.1.6",
            "source": {
                "type": "git",
                "url": "https://github.com/PHPMailer/PHPMailer.git",
                "reference": "c2796cb1cb99d7717290b48c4e6f32cb6c60b7b3"
            },
            "dist": {
                "type": "zip",
                "url": "https://api.github.com/repos/PHPMailer/PHPMailer/zipball/c2796cb1cb99d7717290b48c4e6f32cb6c60b7b3",
                "reference": "c2796cb1cb99d7717290b48c4e6f32cb6c60b7b3",
                "shasum": ""
            },
            "require": {
                "ext-ctype": "*",
                "ext-filter": "*",
                "php": ">=5.5.0"
            },
            "require-dev": {
                "doctrine/annotations": "^1.2",
                "friendsofphp/php-cs-fixer": "^2.2",
                "phpunit/phpunit": "^4.8 || ^5.7"
            },
            "suggest": {
                "ext-mbstring": "Needed to send email in multibyte encoding charset",
                "hayageek/oauth2-yahoo": "Needed for Yahoo XOAUTH2 authentication",
                "league/oauth2-google": "Needed for Google XOAUTH2 authentication",
                "psr/log": "For optional PSR-3 debug logging",
                "stevenmaguire/oauth2-microsoft": "Needed for Microsoft XOAUTH2 authentication",
                "symfony/polyfill-mbstring": "To support UTF-8 if the Mbstring PHP extension is not enabled (^1.2)"
            },
            "type": "library",
            "autoload": {
                "psr-4": {
                    "PHPMailer\\PHPMailer\\": "src/"
                }
            },
            "notification-url": "https://packagist.org/downloads/",
            "license": [
                "LGPL-2.1-only"
            ],
            "authors": [
                {
                    "name": "Marcus Bointon",
                    "email": "phpmailer@synchromedia.co.uk"
                },
                {
                    "name": "Jim Jagielski",
                    "email": "jimjag@gmail.com"
                },
                {
                    "name": "Andy Prevost",
                    "email": "codeworxtech@users.sourceforge.net"
                },
                {
                    "name": "Brent R. Matzelle"
                }
            ],
            "description": "PHPMailer is a full-featured email creation and transfer class for PHP",
            "time": "2020-05-27T12:24:03+00:00"
        },
        {
            "name": "psr/log",
            "version": "1.1.3",
            "source": {
                "type": "git",
                "url": "https://github.com/php-fig/log.git",
                "reference": "0f73288fd15629204f9d42b7055f72dacbe811fc"
            },
            "dist": {
                "type": "zip",
                "url": "https://api.github.com/repos/php-fig/log/zipball/0f73288fd15629204f9d42b7055f72dacbe811fc",
                "reference": "0f73288fd15629204f9d42b7055f72dacbe811fc",
                "shasum": ""
            },
            "require": {
                "php": ">=5.3.0"
            },
            "type": "library",
            "extra": {
                "branch-alias": {
                    "dev-master": "1.1.x-dev"
                }
            },
            "autoload": {
                "psr-4": {
                    "Psr\\Log\\": "Psr/Log/"
                }
            },
            "notification-url": "https://packagist.org/downloads/",
            "license": [
                "MIT"
            ],
            "authors": [
                {
                    "name": "PHP-FIG",
                    "homepage": "http://www.php-fig.org/"
                }
            ],
            "description": "Common interface for logging libraries",
            "homepage": "https://github.com/php-fig/log",
            "keywords": [
                "log",
                "psr",
                "psr-3"
            ],
            "time": "2020-03-23T09:12:05+00:00"
        },
        {
            "name": "symfony/polyfill-mbstring",
            "version": "v1.18.1",
            "source": {
                "type": "git",
                "url": "https://github.com/symfony/polyfill-mbstring.git",
                "reference": "a6977d63bf9a0ad4c65cd352709e230876f9904a"
            },
            "dist": {
                "type": "zip",
                "url": "https://api.github.com/repos/symfony/polyfill-mbstring/zipball/a6977d63bf9a0ad4c65cd352709e230876f9904a",
                "reference": "a6977d63bf9a0ad4c65cd352709e230876f9904a",
                "shasum": ""
            },
            "require": {
                "php": ">=5.3.3"
            },
            "suggest": {
                "ext-mbstring": "For best performance"
            },
            "type": "library",
            "extra": {
                "branch-alias": {
                    "dev-master": "1.18-dev"
                },
                "thanks": {
                    "name": "symfony/polyfill",
                    "url": "https://github.com/symfony/polyfill"
                }
            },
            "autoload": {
                "psr-4": {
                    "Symfony\\Polyfill\\Mbstring\\": ""
                },
                "files": [
                    "bootstrap.php"
                ]
            },
            "notification-url": "https://packagist.org/downloads/",
            "license": [
                "MIT"
            ],
            "authors": [
                {
                    "name": "Nicolas Grekas",
                    "email": "p@tchwork.com"
                },
                {
                    "name": "Symfony Community",
                    "homepage": "https://symfony.com/contributors"
                }
            ],
            "description": "Symfony polyfill for the Mbstring extension",
            "homepage": "https://symfony.com",
            "keywords": [
                "compatibility",
                "mbstring",
                "polyfill",
                "portable",
                "shim"
            ],
            "time": "2020-07-14T12:35:20+00:00"
        },
        {
            "name": "symfony/polyfill-php80",
            "version": "v1.18.1",
            "source": {
                "type": "git",
                "url": "https://github.com/symfony/polyfill-php80.git",
                "reference": "d87d5766cbf48d72388a9f6b85f280c8ad51f981"
            },
            "dist": {
                "type": "zip",
                "url": "https://api.github.com/repos/symfony/polyfill-php80/zipball/d87d5766cbf48d72388a9f6b85f280c8ad51f981",
                "reference": "d87d5766cbf48d72388a9f6b85f280c8ad51f981",
                "shasum": ""
            },
            "require": {
                "php": ">=7.0.8"
            },
            "type": "library",
            "extra": {
                "branch-alias": {
                    "dev-master": "1.18-dev"
                },
                "thanks": {
                    "name": "symfony/polyfill",
                    "url": "https://github.com/symfony/polyfill"
                }
            },
            "autoload": {
                "psr-4": {
                    "Symfony\\Polyfill\\Php80\\": ""
                },
                "files": [
                    "bootstrap.php"
                ],
                "classmap": [
                    "Resources/stubs"
                ]
            },
            "notification-url": "https://packagist.org/downloads/",
            "license": [
                "MIT"
            ],
            "authors": [
                {
                    "name": "Ion Bazan",
                    "email": "ion.bazan@gmail.com"
                },
                {
                    "name": "Nicolas Grekas",
                    "email": "p@tchwork.com"
                },
                {
                    "name": "Symfony Community",
                    "homepage": "https://symfony.com/contributors"
                }
            ],
            "description": "Symfony polyfill backporting some PHP 8.0+ features to lower PHP versions",
            "homepage": "https://symfony.com",
            "keywords": [
                "compatibility",
                "polyfill",
                "portable",
                "shim"
            ],
            "time": "2020-07-14T12:35:20+00:00"
        },
        {
            "name": "symfony/translation",
            "version": "v5.1.5",
            "source": {
                "type": "git",
                "url": "https://github.com/symfony/translation.git",
                "reference": "917b02cdc5f33e0309b8e9d33ee1480b20687413"
            },
            "dist": {
                "type": "zip",
                "url": "https://api.github.com/repos/symfony/translation/zipball/917b02cdc5f33e0309b8e9d33ee1480b20687413",
                "reference": "917b02cdc5f33e0309b8e9d33ee1480b20687413",
                "shasum": ""
            },
            "require": {
                "php": ">=7.2.5",
                "symfony/polyfill-mbstring": "~1.0",
                "symfony/polyfill-php80": "^1.15",
                "symfony/translation-contracts": "^2"
            },
            "conflict": {
                "symfony/config": "<4.4",
                "symfony/dependency-injection": "<5.0",
                "symfony/http-kernel": "<5.0",
                "symfony/twig-bundle": "<5.0",
                "symfony/yaml": "<4.4"
            },
            "provide": {
                "symfony/translation-implementation": "2.0"
            },
            "require-dev": {
                "psr/log": "~1.0",
                "symfony/config": "^4.4|^5.0",
                "symfony/console": "^4.4|^5.0",
                "symfony/dependency-injection": "^5.0",
                "symfony/finder": "^4.4|^5.0",
                "symfony/http-kernel": "^5.0",
                "symfony/intl": "^4.4|^5.0",
                "symfony/service-contracts": "^1.1.2|^2",
                "symfony/yaml": "^4.4|^5.0"
            },
            "suggest": {
                "psr/log-implementation": "To use logging capability in translator",
                "symfony/config": "",
                "symfony/yaml": ""
            },
            "type": "library",
            "extra": {
                "branch-alias": {
                    "dev-master": "5.1-dev"
                }
            },
            "autoload": {
                "psr-4": {
                    "Symfony\\Component\\Translation\\": ""
                },
                "exclude-from-classmap": [
                    "/Tests/"
                ]
            },
            "notification-url": "https://packagist.org/downloads/",
            "license": [
                "MIT"
            ],
            "authors": [
                {
                    "name": "Fabien Potencier",
                    "email": "fabien@symfony.com"
                },
                {
                    "name": "Symfony Community",
                    "homepage": "https://symfony.com/contributors"
                }
            ],
            "description": "Symfony Translation Component",
            "homepage": "https://symfony.com",
            "time": "2020-08-17T10:01:29+00:00"
        },
        {
            "name": "symfony/translation-contracts",
            "version": "v2.2.0",
            "source": {
                "type": "git",
                "url": "https://github.com/symfony/translation-contracts.git",
                "reference": "77ce1c3627c9f39643acd9af086631f842c50c4d"
            },
            "dist": {
                "type": "zip",
                "url": "https://api.github.com/repos/symfony/translation-contracts/zipball/77ce1c3627c9f39643acd9af086631f842c50c4d",
                "reference": "77ce1c3627c9f39643acd9af086631f842c50c4d",
                "shasum": ""
            },
            "require": {
                "php": ">=7.2.5"
            },
            "suggest": {
                "symfony/translation-implementation": ""
            },
            "type": "library",
            "extra": {
                "branch-alias": {
                    "dev-master": "2.2-dev"
                },
                "thanks": {
                    "name": "symfony/contracts",
                    "url": "https://github.com/symfony/contracts"
                }
            },
            "autoload": {
                "psr-4": {
                    "Symfony\\Contracts\\Translation\\": ""
                }
            },
            "notification-url": "https://packagist.org/downloads/",
            "license": [
                "MIT"
            ],
            "authors": [
                {
                    "name": "Nicolas Grekas",
                    "email": "p@tchwork.com"
                },
                {
                    "name": "Symfony Community",
                    "homepage": "https://symfony.com/contributors"
                }
            ],
            "description": "Generic abstractions related to translation",
            "homepage": "https://symfony.com",
            "keywords": [
                "abstractions",
                "contracts",
                "decoupling",
                "interfaces",
                "interoperability",
                "standards"
            ],
            "time": "2020-09-07T11:33:47+00:00"
        },
        {
            "name": "true/punycode",
            "version": "v2.1.1",
            "source": {
                "type": "git",
                "url": "https://github.com/true/php-punycode.git",
                "reference": "a4d0c11a36dd7f4e7cd7096076cab6d3378a071e"
            },
            "dist": {
                "type": "zip",
                "url": "https://api.github.com/repos/true/php-punycode/zipball/a4d0c11a36dd7f4e7cd7096076cab6d3378a071e",
                "reference": "a4d0c11a36dd7f4e7cd7096076cab6d3378a071e",
                "shasum": ""
            },
            "require": {
                "php": ">=5.3.0",
                "symfony/polyfill-mbstring": "^1.3"
            },
            "require-dev": {
                "phpunit/phpunit": "~4.7",
                "squizlabs/php_codesniffer": "~2.0"
            },
            "type": "library",
            "autoload": {
                "psr-4": {
                    "TrueBV\\": "src/"
                }
            },
            "notification-url": "https://packagist.org/downloads/",
            "license": [
                "MIT"
            ],
            "authors": [
                {
                    "name": "Renan Gonçalves",
                    "email": "renan.saddam@gmail.com"
                }
            ],
            "description": "A Bootstring encoding of Unicode for Internationalized Domain Names in Applications (IDNA)",
            "homepage": "https://github.com/true/php-punycode",
            "keywords": [
                "idna",
                "punycode"
            ],
            "time": "2016-11-16T10:37:54+00:00"
        }
    ],
    "packages-dev": [],
    "aliases": [],
    "minimum-stability": "stable",
    "stability-flags": [],
    "prefer-stable": false,
    "prefer-lowest": false,
    "platform": {
        "php": ">=7.2.0 <7.5.0",
        "ext-mbstring": "*",
        "ext-ctype": "*"
    },
    "platform-dev": []
}
